
Microsoft Visual Studio Solution File, Format Version 12.00
# Visual Studio Version 17
VisualStudioVersion = 17.7.34031.279
MinimumVisualStudioVersion = 10.0.40219.1
Project("{FAE04EC0-301F-11D3-BF4B-00C04F79EFBC}") = "OctoCam", "OctoCam\OctoCam.csproj", "{734CC9B8-1A06-4E24-9D36-6F913FD7DE15}"
EndProject
Global
	GlobalSection(SolutionConfigurationPlatforms) = preSolution
		Debug|Any CPU = Debug|Any CPU
		Release|Any CPU = Release|Any CPU
	EndGlobalSection
	GlobalSection(ProjectConfigurationPlatforms) = postSolution
		{734CC9B8-1A06-4E24-9D36-6F913FD7DE15}.Debug|Any CPU.ActiveCfg = Debug|Any CPU
		{734CC9B8-1A06-4E24-9D36-6F913FD7DE15}.Debug|Any CPU.Build.0 = Debug|Any CPU
		{734CC9B8-1A06-4E24-9D36-6F913FD7DE15}.Release|Any CPU.ActiveCfg = Release|Any CPU
		{734CC9B8-1A06-4E24-9D36-6F913FD7DE15}.Release|Any CPU.Build.0 = Release|Any CPU
	EndGlobalSection
	GlobalSection(SolutionProperties) = preSolution
		HideSolutionNode = FALSE
	EndGlobalSection
	GlobalSection(ExtensibilityGlobals) = postSolution
		SolutionGuid = {D42F265F-6629-4459-9322-BB3CA1DF0FA5}
	EndGlobalSection
EndGlobal
